// !$*UTF8*$!
{
	archiveVersion = 1;
	classes = {
	};
	objectVersion = 50;
	objects = {

/* Begin PBXBuildFile section */
		A86A289F26A0A98E00F78D51 /* AppDelegate.swift in Sources */ = {isa = PBXBuildFile; fileRef = A86A289E26A0A98E00F78D51 /* AppDelegate.swift */; };
		A86A28A126A0A98E00F78D51 /* SceneDelegate.swift in Sources */ = {isa = PBXBuildFile; fileRef = A86A28A026A0A98E00F78D51 /* SceneDelegate.swift */; };
		A86A28A326A0A98E00F78D51 /* ViewController.swift in Sources */ = {isa = PBXBuildFile; fileRef = A86A28A226A0A98E00F78D51 /* ViewController.swift */; };
		A86A28A626A0A98E00F78D51 /* Main.storyboard in Resources */ = {isa = PBXBuildFile; fileRef = A86A28A426A0A98E00F78D51 /* Main.storyboard */; };
		A86A28A926A0A98E00F78D51 /* quizzBizz.xcdatamodeld in Sources */ = {isa = PBXBuildFile; fileRef = A86A28A726A0A98E00F78D51 /* quizzBizz.xcdatamodeld */; };
		A86A28AB26A0A99000F78D51 /* Assets.xcassets in Resources */ = {isa = PBXBuildFile; fileRef = A86A28AA26A0A99000F78D51 /* Assets.xcassets */; };
		A86A28AE26A0A99000F78D51 /* LaunchScreen.storyboard in Resources */ = {isa = PBXBuildFile; fileRef = A86A28AC26A0A99000F78D51 /* LaunchScreen.storyboard */; };
		A86A28B926A0A99000F78D51 /* quizzBizzTests.swift in Sources */ = {isa = PBXBuildFile; fileRef = A86A28B826A0A99000F78D51 /* quizzBizzTests.swift */; };
		A86A28C426A0A99000F78D51 /* quizzBizzUITests.swift in Sources */ = {isa = PBXBuildFile; fileRef = A86A28C326A0A99000F78D51 /* quizzBizzUITests.swift */; };
/* End PBXBuildFile section */

/* Begin PBXContainerItemProxy section */
		A86A28B526A0A99000F78D51 /* PBXContainerItemProxy */ = {
			isa = PBXContainerItemProxy;
			containerPortal = A86A289326A0A98E00F78D51 /* Project object */;
			proxyType = 1;
			remoteGlobalIDString = A86A289A26A0A98E00F78D51;
			remoteInfo = quizzBizz;
		};
		A86A28C026A0A99000F78D51 /* PBXContainerItemProxy */ = {
			isa = PBXContainerItemProxy;
			containerPortal = A86A289326A0A98E00F78D51 /* Project object */;
			proxyType = 1;
			remoteGlobalIDString = A86A289A26A0A98E00F78D51;
			remoteInfo = quizzBizz;
		};
/* End PBXContainerItemProxy section */

/* Begin PBXFileReference section */
		A86A289B26A0A98E00F78D51 /* quizzBizz.app */ = {isa = PBXFileReference; explicitFileType = wrapper.application; includeInIndex = 0; path = quizzBizz.app; sourceTree = BUILT_PRODUCTS_DIR; };
		A86A289E26A0A98E00F78D51 /* AppDelegate.swift */ = {isa = PBXFileReference; lastKnownFileType = sourcecode.swift; path = AppDelegate.swift; sourceTree = "<group>"; };
		A86A28A026A0A98E00F78D51 /* SceneDelegate.swift */ = {isa = PBXFileReference; lastKnownFileType = sourcecode.swift; path = SceneDelegate.swift; sourceTree = "<group>"; };
		A86A28A226A0A98E00F78D51 /* ViewController.swift */ = {isa = PBXFileReference; lastKnownFileType = sourcecode.swift; path = ViewController.swift; sourceTree = "<group>"; };
		A86A28A526A0A98E00F78D51 /* Base */ = {isa = PBXFileReference; lastKnownFileType = file.storyboard; name = Base; path = Base.lproj/Main.storyboard; sourceTree = "<group>"; };
		A86A28A826A0A98E00F78D51 /* quizzBizz.xcdatamodel */ = {isa = PBXFileReference; lastKnownFileType = wrapper.xcdatamodel; path = quizzBizz.xcdatamodel; sourceTree = "<group>"; };
		A86A28AA26A0A99000F78D51 /* Assets.xcassets */ = {isa = PBXFileReference; lastKnownFileType = folder.assetcatalog; path = Assets.xcassets; sourceTree = "<group>"; };
		A86A28AD26A0A99000F78D51 /* Base */ = {isa = PBXFileReference; lastKnownFileType = file.storyboard; name = Base; path = Base.lproj/LaunchScreen.storyboard; sourceTree = "<group>"; };
		A86A28AF26A0A99000F78D51 /* Info.plist */ = {isa = PBXFileReference; lastKnownFileType = text.plist.xml; path = Info.plist; sourceTree = "<group>"; };
		A86A28B426A0A99000F78D51 /* quizzBizzTests.xctest */ = {isa = PBXFileReference; explicitFileType = wrapper.cfbundle; includeInIndex = 0; path = quizzBizzTests.xctest; sourceTree = BUILT_PRODUCTS_DIR; };
		A86A28B826A0A99000F78D51 /* quizzBizzTests.swift */ = {isa = PBXFileReference; lastKnownFileType = sourcecode.swift; path = quizzBizzTests.swift; sourceTree = "<group>"; };
		A86A28BA26A0A99000F78D51 /* Info.plist */ = {isa = PBXFileReference; lastKnownFileType = text.plist.xml; path = Info.plist; sourceTree = "<group>"; };
		A86A28BF26A0A99000F78D51 /* quizzBizzUITests.xctest */ = {isa = PBXFileReference; explicitFileType = wrapper.cfbundle; includeInIndex = 0; path = quizzBizzUITests.xctest; sourceTree = BUILT_PRODUCTS_DIR; };
		A86A28C326A0A99000F78D51 /* quizzBizzUITests.swift */ = {isa = PBXFileReference; lastKnownFileType = sourcecode.swift; path = quizzBizzUITests.swift; sourceTree = "<group>"; };
		A86A28C526A0A99000F78D51 /* Info.plist */ = {isa = PBXFileReference; lastKnownFileType = text.plist.xml; path = Info.plist; sourceTree = "<group>"; };
/* End PBXFileReference section */

/* Begin PBXFrameworksBuildPhase section */
		A86A289826A0A98E00F78D51 /* Frameworks */ = {
			isa = PBXFrameworksBuildPhase;
			buildActionMask = 2147483647;
			files = (
			);
			runOnlyForDeploymentPostprocessing = 0;
		};
		A86A28B126A0A99000F78D51 /* Frameworks */ = {
			isa = PBXFrameworksBuildPhase;
			buildActionMask = 2147483647;
			files = (
			);
			runOnlyForDeploymentPostprocessing = 0;
		};
		A86A28BC26A0A99000F78D51 /* Frameworks */ = {
			isa = PBXFrameworksBuildPhase;
			buildActionMask = 2147483647;
			files = (
			);
			runOnlyForDeploymentPostprocessing = 0;
		};
/* End PBXFrameworksBuildPhase section */

/* Begin PBXGroup section */
		A86A289226A0A98E00F78D51 = {
			isa = PBXGroup;
			children = (
				A86A289D26A0A98E00F78D51 /* quizzBizz */,
				A86A28B726A0A99000F78D51 /* quizzBizzTests */,
				A86A28C226A0A99000F78D51 /* quizzBizzUITests */,
				A86A289C26A0A98E00F78D51 /* Products */,
			);
			sourceTree = "<group>";
		};
		A86A289C26A0A98E00F78D51 /* Products */ = {
			isa = PBXGroup;
			children = (
				A86A289B26A0A98E00F78D51 /* quizzBizz.app */,
				A86A28B426A0A99000F78D51 /* quizzBizzTests.xctest */,
				A86A28BF26A0A99000F78D51 /* quizzBizzUITests.xctest */,
			);
			name = Products;
			sourceTree = "<group>";
		};
		A86A289D26A0A98E00F78D51 /* quizzBizz */ = {
			isa = PBXGroup;
			children = (
				A86A289E26A0A98E00F78D51 /* AppDelegate.swift */,
				A86A28A026A0A98E00F78D51 /* SceneDelegate.swift */,
				A86A28A226A0A98E00F78D51 /* ViewController.swift */,
				A86A28A426A0A98E00F78D51 /* Main.storyboard */,
				A86A28AA26A0A99000F78D51 /* Assets.xcassets */,
				A86A28AC26A0A99000F78D51 /* LaunchScreen.storyboard */,
				A86A28AF26A0A99000F78D51 /* Info.plist */,
				A86A28A726A0A98E00F78D51 /* quizzBizz.xcdatamodeld */,
			);
			path = quizzBizz;
			sourceTree = "<group>";
		};
		A86A28B726A0A99000F78D51 /* quizzBizzTests */ = {
			isa = PBXGroup;
			children = (
				A86A28B826A0A99000F78D51 /* quizzBizzTests.swift */,
				A86A28BA26A0A99000F78D51 /* Info.plist */,
			);
			path = quizzBizzTests;
			sourceTree = "<group>";
		};
		A86A28C226A0A99000F78D51 /* quizzBizzUITests */ = {
			isa = PBXGroup;
			children = (
				A86A28C326A0A99000F78D51 /* quizzBizzUITests.swift */,
				A86A28C526A0A99000F78D51 /* Info.plist */,
			);
			path = quizzBizzUITests;
			sourceTree = "<group>";
		};
/* End PBXGroup section */

/* Begin PBXNativeTarget section */
		A86A289A26A0A98E00F78D51 /* quizzBizz */ = {
			isa = PBXNativeTarget;
			buildConfigurationList = A86A28C826A0A99000F78D51 /* Build configuration list for PBXNativeTarget "quizzBizz" */;
			buildPhases = (
				A86A289726A0A98E00F78D51 /* Sources */,
				A86A289826A0A98E00F78D51 /* Frameworks */,
				A86A289926A0A98E00F78D51 /* Resources */,
			);
			buildRules = (
			);
			dependencies = (
			);
			name = quizzBizz;
			productName = quizzBizz;
			productReference = A86A289B26A0A98E00F78D51 /* quizzBizz.app */;
			productType = "com.apple.product-type.application";
		};
		A86A28B326A0A99000F78D51 /* quizzBizzTests */ = {
			isa = PBXNativeTarget;
			buildConfigurationList = A86A28CB26A0A99000F78D51 /* Build configuration list for PBXNativeTarget "quizzBizzTests" */;
			buildPhases = (
				A86A28B026A0A99000F78D51 /* Sources */,
				A86A28B126A0A99000F78D51 /* Frameworks */,
				A86A28B226A0A99000F78D51 /* Resources */,
			);
			buildRules = (
			);
			dependencies = (
				A86A28B626A0A99000F78D51 /* PBXTargetDependency */,
			);
			name = quizzBizzTests;
			productName = quizzBizzTests;
			productReference = A86A28B426A0A99000F78D51 /* quizzBizzTests.xctest */;
			productType = "com.apple.product-type.bundle.unit-test";
		};
		A86A28BE26A0A99000F78D51 /* quizzBizzUITests */ = {
			isa = PBXNativeTarget;
			buildConfigurationList = A86A28CE26A0A99000F78D51 /* Build configuration list for PBXNativeTarget "quizzBizzUITests" */;
			buildPhases = (
				A86A28BB26A0A99000F78D51 /* Sources */,
				A86A28BC26A0A99000F78D51 /* Frameworks */,
				A86A28BD26A0A99000F78D51 /* Resources */,
			);
			buildRules = (
			);
			dependencies = (
				A86A28C126A0A99000F78D51 /* PBXTargetDependency */,
			);
			name = quizzBizzUITests;
			productName = quizzBizzUITests;
			productReference = A86A28BF26A0A99000F78D51 /* quizzBizzUITests.xctest */;
			productType = "com.apple.product-type.bundle.ui-testing";
		};
/* End PBXNativeTarget section */

/* Begin PBXProject section */
		A86A289326A0A98E00F78D51 /* Project object */ = {
			isa = PBXProject;
			attributes = {
				LastSwiftUpdateCheck = 1250;
				LastUpgradeCheck = 1250;
				TargetAttributes = {
					A86A289A26A0A98E00F78D51 = {
						CreatedOnToolsVersion = 12.5;
					};
					A86A28B326A0A99000F78D51 = {
						CreatedOnToolsVersion = 12.5;
						TestTargetID = A86A289A26A0A98E00F78D51;
					};
					A86A28BE26A0A99000F78D51 = {
						CreatedOnToolsVersion = 12.5;
						TestTargetID = A86A289A26A0A98E00F78D51;
					};
				};
			};
			buildConfigurationList = A86A289626A0A98E00F78D51 /* Build configuration list for PBXProject "quizzBizz" */;
			compatibilityVersion = "Xcode 9.3";
			developmentRegion = en;
			hasScannedForEncodings = 0;
			knownRegions = (
				en,
				Base,
			);
			mainGroup = A86A289226A0A98E00F78D51;
			productRefGroup = A86A289C26A0A98E00F78D51 /* Products */;
			projectDirPath = "";
			projectRoot = "";
			targets = (
				A86A289A26A0A98E00F78D51 /* quizzBizz */,
				A86A28B326A0A99000F78D51 /* quizzBizzTests */,
				A86A28BE26A0A99000F78D51 /* quizzBizzUITests */,
			);
		};
/* End PBXProject section */

/* Begin PBXResourcesBuildPhase section */
		A86A289926A0A98E00F78D51 /* Resources */ = {
			isa = PBXResourcesBuildPhase;
			buildActionMask = 2147483647;
			files = (
				A86A28AE26A0A99000F78D51 /* LaunchScreen.storyboard in Resources */,
				A86A28AB26A0A99000F78D51 /* Assets.xcassets in Resources */,
				A86A28A626A0A98E00F78D51 /* Main.storyboard in Resources */,
			);
			runOnlyForDeploymentPostprocessing = 0;
		};
		A86A28B226A0A99000F78D51 /* Resources */ = {
			isa = PBXResourcesBuildPhase;
			buildActionMask = 2147483647;
			files = (
			);
			runOnlyForDeploymentPostprocessing = 0;
		};
		A86A28BD26A0A99000F78D51 /* Resources */ = {
			isa = PBXResourcesBuildPhase;
			buildActionMask = 2147483647;
			files = (
			);
			runOnlyForDeploymentPostprocessing = 0;
		};
/* End PBXResourcesBuildPhase section */

/* Begin PBXSourcesBuildPhase section */
		A86A289726A0A98E00F78D51 /* Sources */ = {
			isa = PBXSourcesBuildPhase;
			buildActionMask = 2147483647;
			files = (
				A86A28A926A0A98E00F78D51 /* quizzBizz.xcdatamodeld in Sources */,
				A86A28A326A0A98E00F78D51 /* ViewController.swift in Sources */,
				A86A289F26A0A98E00F78D51 /* AppDelegate.swift in Sources */,
				A86A28A126A0A98E00F78D51 /* SceneDelegate.swift in Sources */,
			);
			runOnlyForDeploymentPostprocessing = 0;
		};
		A86A28B026A0A99000F78D51 /* Sources */ = {
			isa = PBXSourcesBuildPhase;
			buildActionMask = 2147483647;
			files = (
				A86A28B926A0A99000F78D51 /* quizzBizzTests.swift in Sources */,
			);
			runOnlyForDeploymentPostprocessing = 0;
		};
		A86A28BB26A0A99000F78D51 /* Sources */ = {
			isa = PBXSourcesBuildPhase;
			buildActionMask = 2147483647;
			files = (
				A86A28C426A0A99000F78D51 /* quizzBizzUITests.swift in Sources */,
			);
			runOnlyForDeploymentPostprocessing = 0;
		};
/* End PBXSourcesBuildPhase section */

/* Begin PBXTargetDependency section */
		A86A28B626A0A99000F78D51 /* PBXTargetDependency */ = {
			isa = PBXTargetDependency;
			target = A86A289A26A0A98E00F78D51 /* quizzBizz */;
			targetProxy = A86A28B526A0A99000F78D51 /* PBXContainerItemProxy */;
		};
		A86A28C126A0A99000F78D51 /* PBXTargetDependency */ = {
			isa = PBXTargetDependency;
			target = A86A289A26A0A98E00F78D51 /* quizzBizz */;
			targetProxy = A86A28C026A0A99000F78D51 /* PBXContainerItemProxy */;
		};
/* End PBXTargetDependency section */

/* Begin PBXVariantGroup section */
		A86A28A426A0A98E00F78D51 /* Main.storyboard */ = {
			isa = PBXVariantGroup;
			children = (
				A86A28A526A0A98E00F78D51 /* Base */,
			);
			name = Main.storyboard;
			sourceTree = "<group>";
		};
		A86A28AC26A0A99000F78D51 /* LaunchScreen.storyboard */ = {
			isa = PBXVariantGroup;
			children = (
				A86A28AD26A0A99000F78D51 /* Base */,
			);
			name = LaunchScreen.storyboard;
			sourceTree = "<group>";
		};
/* End PBXVariantGroup section */

/* Begin XCBuildConfiguration section */
		A86A28C626A0A99000F78D51 /* Debug */ = {
			isa = XCBuildConfiguration;
			buildSettings = {
				ALWAYS_SEARCH_USER_PATHS = NO;
				CLANG_ANALYZER_NONNULL = YES;
				CLANG_ANALYZER_NUMBER_OBJECT_CONVERSION = YES_AGGRESSIVE;
				CLANG_CXX_LANGUAGE_STANDARD = "gnu++14";
				CLANG_CXX_LIBRARY = "libc++";
				CLANG_ENABLE_MODULES = YES;
				CLANG_ENABLE_OBJC_ARC = YES;
				CLANG_ENABLE_OBJC_WEAK = YES;
				CLANG_WARN_BLOCK_CAPTURE_AUTORELEASING = YES;
				CLANG_WARN_BOOL_CONVERSION = YES;
				CLANG_WARN_COMMA = YES;
				CLANG_WARN_CONSTANT_CONVERSION = YES;
				CLANG_WARN_DEPRECATED_OBJC_IMPLEMENTATIONS = YES;
				CLANG_WARN_DIRECT_OBJC_ISA_USAGE = YES_ERROR;
				CLANG_WARN_DOCUMENTATION_COMMENTS = YES;
				CLANG_WARN_EMPTY_BODY = YES;
				CLANG_WARN_ENUM_CONVERSION = YES;
				CLANG_WARN_INFINITE_RECURSION = YES;
				CLANG_WARN_INT_CONVERSION = YES;
				CLANG_WARN_NON_LITERAL_NULL_CONVERSION = YES;
				CLANG_WARN_OBJC_IMPLICIT_RETAIN_SELF = YES;
				CLANG_WARN_OBJC_LITERAL_CONVERSION = YES;
				CLANG_WARN_OBJC_ROOT_CLASS = YES_ERROR;
				CLANG_WARN_QUOTED_INCLUDE_IN_FRAMEWORK_HEADER = YES;
				CLANG_WARN_RANGE_LOOP_ANALYSIS = YES;
				CLANG_WARN_STRICT_PROTOTYPES = YES;
				CLANG_WARN_SUSPICIOUS_MOVE = YES;
				CLANG_WARN_UNGUARDED_AVAILABILITY = YES_AGGRESSIVE;
				CLANG_WARN_UNREACHABLE_CODE = YES;
				CLANG_WARN__DUPLICATE_METHOD_MATCH = YES;
				COPY_PHASE_STRIP = NO;
				DEBUG_INFORMATION_FORMAT = dwarf;
				ENABLE_STRICT_OBJC_MSGSEND = YES;
				ENABLE_TESTABILITY = YES;
				GCC_C_LANGUAGE_STANDARD = gnu11;
				GCC_DYNAMIC_NO_PIC = NO;
				GCC_NO_COMMON_BLOCKS = YES;
				GCC_OPTIMIZATION_LEVEL = 0;
				GCC_PREPROCESSOR_DEFINITIONS = (
					"DEBUG=1",
					"$(inherited)",
				);
				GCC_WARN_64_TO_32_BIT_CONVERSION = YES;
				GCC_WARN_ABOUT_RETURN_TYPE = YES_ERROR;
				GCC_WARN_UNDECLARED_SELECTOR = YES;
				GCC_WARN_UNINITIALIZED_AUTOS = YES_AGGRESSIVE;
				GCC_WARN_UNUSED_FUNCTION = YES;
				GCC_WARN_UNUSED_VARIABLE = YES;
				IPHONEOS_DEPLOYMENT_TARGET = 14.5;
				MTL_ENABLE_DEBUG_INFO = INCLUDE_SOURCE;
				MTL_FAST_MATH = YES;
				ONLY_ACTIVE_ARCH = YES;
				SDKROOT = iphoneos;
				SWIFT_ACTIVE_COMPILATION_CONDITIONS = DEBUG;
				SWIFT_OPTIMIZATION_LEVEL = "-Onone";
			};
			name = Debug;
		};
		A86A28C726A0A99000F78D51 /* Release */ = {
			isa = XCBuildConfiguration;
			buildSettings = {
				ALWAYS_SEARCH_USER_PATHS = NO;
				CLANG_ANALYZER_NONNULL = YES;
				CLANG_ANALYZER_NUMBER_OBJECT_CONVERSION = YES_AGGRESSIVE;
				CLANG_CXX_LANGUAGE_STANDARD = "gnu++14";
				CLANG_CXX_LIBRARY = "libc++";
				CLANG_ENABLE_MODULES = YES;
				CLANG_ENABLE_OBJC_ARC = YES;
				CLANG_ENABLE_OBJC_WEAK = YES;
				CLANG_WARN_BLOCK_CAPTURE_AUTORELEASING = YES;
				CLANG_WARN_BOOL_CONVERSION = YES;
				CLANG_WARN_COMMA = YES;
				CLANG_WARN_CONSTANT_CONVERSION = YES;
				CLANG_WARN_DEPRECATED_OBJC_IMPLEMENTATIONS = YES;
				CLANG_WARN_DIRECT_OBJC_ISA_USAGE = YES_ERROR;
				CLANG_WARN_DOCUMENTATION_COMMENTS = YES;
				CLANG_WARN_EMPTY_BODY = YES;
				CLANG_WARN_ENUM_CONVERSION = YES;
				CLANG_WARN_INFINITE_RECURSION = YES;
				CLANG_WARN_INT_CONVERSION = YES;
				CLANG_WARN_NON_LITERAL_NULL_CONVERSION = YES;
				CLANG_WARN_OBJC_IMPLICIT_RETAIN_SELF = YES;
				CLANG_WARN_OBJC_LITERAL_CONVERSION = YES;
				CLANG_WARN_OBJC_ROOT_CLASS = YES_ERROR;
				CLANG_WARN_QUOTED_INCLUDE_IN_FRAMEWORK_HEADER = YES;
				CLANG_WARN_RANGE_LOOP_ANALYSIS = YES;
				CLANG_WARN_STRICT_PROTOTYPES = YES;
				CLANG_WARN_SUSPICIOUS_MOVE = YES;
				CLANG_WARN_UNGUARDED_AVAILABILITY = YES_AGGRESSIVE;
				CLANG_WARN_UNREACHABLE_CODE = YES;
				CLANG_WARN__DUPLICATE_METHOD_MATCH = YES;
				COPY_PHASE_STRIP = NO;
				DEBUG_INFORMATION_FORMAT = "dwarf-with-dsym";
				ENABLE_NS_ASSERTIONS = NO;
				ENABLE_STRICT_OBJC_MSGSEND = YES;
				GCC_C_LANGUAGE_STANDARD = gnu11;
				GCC_NO_COMMON_BLOCKS = YES;
				GCC_WARN_64_TO_32_BIT_CONVERSION = YES;
				GCC_WARN_ABOUT_RETURN_TYPE = YES_ERROR;
				GCC_WARN_UNDECLARED_SELECTOR = YES;
				GCC_WARN_UNINITIALIZED_AUTOS = YES_AGGRESSIVE;
				GCC_WARN_UNUSED_FUNCTION = YES;
				GCC_WARN_UNUSED_VARIABLE = YES;
				IPHONEOS_DEPLOYMENT_TARGET = 14.5;
				MTL_ENABLE_DEBUG_INFO = NO;
				MTL_FAST_MATH = YES;
				SDKROOT = iphoneos;
				SWIFT_COMPILATION_MODE = wholemodule;
				SWIFT_OPTIMIZATION_LEVEL = "-O";
				VALIDATE_PRODUCT = YES;
			};
			name = Release;
		};
		A86A28C926A0A99000F78D51 /* Debug */ = {
			isa = XCBuildConfiguration;
			buildSettings = {
				ASSETCATALOG_COMPILER_APPICON_NAME = AppIcon;
				ASSETCATALOG_COMPILER_GLOBAL_ACCENT_COLOR_NAME = AccentColor;
				CODE_SIGN_STYLE = Automatic;
				INFOPLIST_FILE = quizzBizz/Info.plist;
				LD_RUNPATH_SEARCH_PATHS = (
					"$(inherited)",
					"@executable_path/Frameworks",
				);
				PRODUCT_BUNDLE_IDENTIFIER = "Isabella-Solano.quizzBizz";
				PRODUCT_NAME = "$(TARGET_NAME)";
				SWIFT_VERSION = 5.0;
				TARGETED_DEVICE_FAMILY = "1,2";
			};
			name = Debug;
		};
		A86A28CA26A0A99000F78D51 /* Release */ = {
			isa = XCBuildConfiguration;
			buildSettings = {
				ASSETCATALOG_COMPILER_APPICON_NAME = AppIcon;
				ASSETCATALOG_COMPILER_GLOBAL_ACCENT_COLOR_NAME = AccentColor;
				CODE_SIGN_STYLE = Automatic;
				INFOPLIST_FILE = quizzBizz/Info.plist;
				LD_RUNPATH_SEARCH_PATHS = (
					"$(inherited)",
					"@executable_path/Frameworks",
				);
				PRODUCT_BUNDLE_IDENTIFIER = "Isabella-Solano.quizzBizz";
				PRODUCT_NAME = "$(TARGET_NAME)";
				SWIFT_VERSION = 5.0;
				TARGETED_DEVICE_FAMILY = "1,2";
			};
			name = Release;
		};
		A86A28CC26A0A99000F78D51 /* Debug */ = {
			isa = XCBuildConfiguration;
			buildSettings = {
				ALWAYS_EMBED_SWIFT_STANDARD_LIBRARIES = YES;
				BUNDLE_LOADER = "$(TEST_HOST)";
				CODE_SIGN_STYLE = Automatic;
				INFOPLIST_FILE = quizzBizzTests/Info.plist;
				IPHONEOS_DEPLOYMENT_TARGET = 14.5;
				LD_RUNPATH_SEARCH_PATHS = (
					"$(inherited)",
					"@executable_path/Frameworks",
					"@loader_path/Frameworks",
				);
				PRODUCT_BUNDLE_IDENTIFIER = "Isabella-Solano.quizzBizzTests";
				PRODUCT_NAME = "$(TARGET_NAME)";
				SWIFT_VERSION = 5.0;
				TARGETED_DEVICE_FAMILY = "1,2";
				TEST_HOST = "$(BUILT_PRODUCTS_DIR)/quizzBizz.app/quizzBizz";
			};
			name = Debug;
		};
		A86A28CD26A0A99000F78D51 /* Release */ = {
			isa = XCBuildConfiguration;
			buildSettings = {
				ALWAYS_EMBED_SWIFT_STANDARD_LIBRARIES = YES;
				BUNDLE_LOADER = "$(TEST_HOST)";
				CODE_SIGN_STYLE = Automatic;
				INFOPLIST_FILE = quizzBizzTests/Info.plist;
				IPHONEOS_DEPLOYMENT_TARGET = 14.5;
				LD_RUNPATH_SEARCH_PATHS = (
					"$(inherited)",
					"@executable_path/Frameworks",
					"@loader_path/Frameworks",
				);
				PRODUCT_BUNDLE_IDENTIFIER = "Isabella-Solano.quizzBizzTests";
				PRODUCT_NAME = "$(TARGET_NAME)";
				SWIFT_VERSION = 5.0;
				TARGETED_DEVICE_FAMILY = "1,2";
				TEST_HOST = "$(BUILT_PRODUCTS_DIR)/quizzBizz.app/quizzBizz";
			};
			name = Release;
		};
		A86A28CF26A0A99000F78D51 /* Debug */ = {
			isa = XCBuildConfiguration;
			buildSettings = {
				ALWAYS_EMBED_SWIFT_STANDARD_LIBRARIES = YES;
				CODE_SIGN_STYLE = Automatic;
				INFOPLIST_FILE = quizzBizzUITests/Info.plist;
				LD_RUNPATH_SEARCH_PATHS = (
					"$(inherited)",
					"@executable_path/Frameworks",
					"@loader_path/Frameworks",
				);
				PRODUCT_BUNDLE_IDENTIFIER = "Isabella-Solano.quizzBizzUITests";
				PRODUCT_NAME = "$(TARGET_NAME)";
				SWIFT_VERSION = 5.0;
				TARGETED_DEVICE_FAMILY = "1,2";
				TEST_TARGET_NAME = quizzBizz;
			};
			name = Debug;
		};
		A86A28D026A0A99000F78D51 /* Release */ = {
			isa = XCBuildConfiguration;
			buildSettings = {
				ALWAYS_EMBED_SWIFT_STANDARD_LIBRARIES = YES;
				CODE_SIGN_STYLE = Automatic;
				INFOPLIST_FILE = quizzBizzUITests/Info.plist;
				LD_RUNPATH_SEARCH_PATHS = (
					"$(inherited)",
					"@executable_path/Frameworks",
					"@loader_path/Frameworks",
				);
				PRODUCT_BUNDLE_IDENTIFIER = "Isabella-Solano.quizzBizzUITests";
				PRODUCT_NAME = "$(TARGET_NAME)";
				SWIFT_VERSION = 5.0;
				TARGETED_DEVICE_FAMILY = "1,2";
				TEST_TARGET_NAME = quizzBizz;
			};
			name = Release;
		};
/* End XCBuildConfiguration section */

/* Begin XCConfigurationList section */
		A86A289626A0A98E00F78D51 /* Build configuration list for PBXProject "quizzBizz" */ = {
			isa = XCConfigurationList;
			buildConfigurations = (
				A86A28C626A0A99000F78D51 /* Debug */,
				A86A28C726A0A99000F78D51 /* Release */,
			);
			defaultConfigurationIsVisible = 0;
			defaultConfigurationName = Release;
		};
		A86A28C826A0A99000F78D51 /* Build configuration list for PBXNativeTarget "quizzBizz" */ = {
			isa = XCConfigurationList;
			buildConfigurations = (
				A86A28C926A0A99000F78D51 /* Debug */,
				A86A28CA26A0A99000F78D51 /* Release */,
			);
			defaultConfigurationIsVisible = 0;
			defaultConfigurationName = Release;
		};
		A86A28CB26A0A99000F78D51 /* Build configuration list for PBXNativeTarget "quizzBizzTests" */ = {
			isa = XCConfigurationList;
			buildConfigurations = (
				A86A28CC26A0A99000F78D51 /* Debug */,
				A86A28CD26A0A99000F78D51 /* Release */,
			);
			defaultConfigurationIsVisible = 0;
			defaultConfigurationName = Release;
		};
		A86A28CE26A0A99000F78D51 /* Build configuration list for PBXNativeTarget "quizzBizzUITests" */ = {
			isa = XCConfigurationList;
			buildConfigurations = (
				A86A28CF26A0A99000F78D51 /* Debug */,
				A86A28D026A0A99000F78D51 /* Release */,
			);
			defaultConfigurationIsVisible = 0;
			defaultConfigurationName = Release;
		};
/* End XCConfigurationList section */

/* Begin XCVersionGroup section */
		A86A28A726A0A98E00F78D51 /* quizzBizz.xcdatamodeld */ = {
			isa = XCVersionGroup;
			children = (
				A86A28A826A0A98E00F78D51 /* quizzBizz.xcdatamodel */,
			);
			currentVersion = A86A28A826A0A98E00F78D51 /* quizzBizz.xcdatamodel */;
			path = quizzBizz.xcdatamodeld;
			sourceTree = "<group>";
			versionGroupType = wrapper.xcdatamodel;
		};
/* End XCVersionGroup section */
	};
	rootObject = A86A289326A0A98E00F78D51 /* Project object */;
}
